# This file is automatically generated.
# It is not intended for manual editing.
version = 1

[[packages]]
name = "wasi:clocks"
registry = "wasi.dev"

[[packages.versions]]
requirement = "=0.2.12"
version = "0.2.12"
digest = "sha256:29e94d379b2239df6bc23cdfc6232dc69ffeb7cc236349fab2244803c323d92b"

[[packages]]
name = "wasi:config"
registry = "wasi.dev"

[[packages.versions]]
requirement = "=0.2.0-rc.1"
version = "0.2.0-rc.1"
digest = "sha256:1b7f1b0fd07bb4cede16c6a6ec8852815dfb924639a78735fc7bdffdc164485d"

[[packages]]
name = "wasi:http"
registry = "wasi.dev"

[[packages.versions]]
requirement = "=0.2.12"
version = "0.2.12"
digest = "sha256:3a782520c155ed68337d77e8a9a03c0ead62b279da962c2fd7c7ca2a4da57fa6"
